
Microsoft Visual Studio Solution File, Format Version 12.00
# Visual Studio 15
VisualStudioVersion = 15.0.28307.489
MinimumVisualStudioVersion = 10.0.40219.1
Project("{FAE04EC0-301F-11D3-BF4B-00C04F79EFBC}") = "Feladatok", "Feladatok\Feladatok.csproj", "{B54032E1-A275-443E-8D08-936D21B9C01F}"
EndProject
Global
	GlobalSection(SolutionConfigurationPlatforms) = preSolution
		Debug|Any CPU = Debug|Any CPU
		Release|Any CPU = Release|Any CPU
	EndGlobalSection
	GlobalSection(ProjectConfigurationPlatforms) = postSolution
		{B54032E1-A275-443E-8D08-936D21B9C01F}.Debug|Any CPU.ActiveCfg = Debug|Any CPU
		{B54032E1-A275-443E-8D08-936D21B9C01F}.Debug|Any CPU.Build.0 = Debug|Any CPU
		{B54032E1-A275-443E-8D08-936D21B9C01F}.Release|Any CPU.ActiveCfg = Release|Any CPU
		{B54032E1-A275-443E-8D08-936D21B9C01F}.Release|Any CPU.Build.0 = Release|Any CPU
	EndGlobalSection
	GlobalSection(SolutionProperties) = preSolution
		HideSolutionNode = FALSE
	EndGlobalSection
	GlobalSection(ExtensibilityGlobals) = postSolution
		SolutionGuid = {0237DF44-10EC-44EC-9845-636B23EA4D88}
	EndGlobalSection
EndGlobal
